
Microsoft Visual Studio Solution File, Format Version 12.00
# Visual Studio Version 17
VisualStudioVersion = 17.10.35027.167
MinimumVisualStudioVersion = 10.0.40219.1
Project("{9A19103F-16F7-4668-BE54-9A1E7A4F7556}") = "Lemon.Hosting.AvaloniauiDesktop", "Lemon.Hosting.AvaloniauiDesktop\Lemon.Hosting.AvaloniauiDesktop.csproj", "{5CB50B59-FCD0-4872-84A3-EF33F2C10391}"
EndProject
Project("{9A19103F-16F7-4668-BE54-9A1E7A4F7556}") = "AvaloniaSample", "AvaloniaSample\AvaloniaSample.csproj", "{AAD40E7B-A2DC-47BD-B3A2-ADACD968E818}"
EndProject
Global
	GlobalSection(SolutionConfigurationPlatforms) = preSolution
		Debug|Any CPU = Debug|Any CPU
		Release|Any CPU = Release|Any CPU
	EndGlobalSection
	GlobalSection(ProjectConfigurationPlatforms) = postSolution
		{5CB50B59-FCD0-4872-84A3-EF33F2C10391}.Debug|Any CPU.ActiveCfg = Debug|Any CPU
		{5CB50B59-FCD0-4872-84A3-EF33F2C10391}.Debug|Any CPU.Build.0 = Debug|Any CPU
		{5CB50B59-FCD0-4872-84A3-EF33F2C10391}.Release|Any CPU.ActiveCfg = Release|Any CPU
		{5CB50B59-FCD0-4872-84A3-EF33F2C10391}.Release|Any CPU.Build.0 = Release|Any CPU
		{AAD40E7B-A2DC-47BD-B3A2-ADACD968E818}.Debug|Any CPU.ActiveCfg = Debug|Any CPU
		{AAD40E7B-A2DC-47BD-B3A2-ADACD968E818}.Debug|Any CPU.Build.0 = Debug|Any CPU
		{AAD40E7B-A2DC-47BD-B3A2-ADACD968E818}.Release|Any CPU.ActiveCfg = Release|Any CPU
		{AAD40E7B-A2DC-47BD-B3A2-ADACD968E818}.Release|Any CPU.Build.0 = Release|Any CPU
	EndGlobalSection
	GlobalSection(SolutionProperties) = preSolution
		HideSolutionNode = FALSE
	EndGlobalSection
	GlobalSection(ExtensibilityGlobals) = postSolution
		SolutionGuid = {4818C737-7ADF-4202-A4FD-87A0B21471FF}
	EndGlobalSection
EndGlobal
